Microsoft Visual Studio Solution File, Format Version 11.00
# Visual Studio 2015
Project("{4343831D-CD2F-119D-9280-C58F6936D34B}") = "WiimotePlugin", "WiimotePlugin.vcxproj", "{017BD574-7E3A-8E1A-5A44-8C615897915D}"
EndProject
Global
	GlobalSection(SolutionConfigurationPlatforms) = preSolution
		Debug|Win32 = Debug|Win32
		Release|Win32 = Release|Win32
	EndGlobalSection
	GlobalSection(ProjectConfigurationPlatforms) = postSolution
		{017BD574-7E3A-8E1A-5A44-8C615897915D}.Debug|Win32.ActiveCfg = Debug|Win32
		{017BD574-7E3A-8E1A-5A44-8C615897915D}.Debug|Win32.Build.0 = Debug|Win32
		{017BD574-7E3A-8E1A-5A44-8C615897915D}.Release|Win32.ActiveCfg = Release|Win32
		{017BD574-7E3A-8E1A-5A44-8C615897915D}.Release|Win32.Build.0 = Release|Win32
	EndGlobalSection
	GlobalSection(SolutionProperties) = preSolution
		HideSolutionNode = FALSE
	EndGlobalSection
EndGlobal
